// !$*UTF8*$!
{
	archiveVersion = 1;
	classes = {
	};
	objectVersion = 55;
	objects = {

/* Begin PBXBuildFile section */
		A685378228C92ADA00A933F9 /* landmarkData.json in Resources */ = {isa = PBXBuildFile; fileRef = A685378128C92ADA00A933F9 /* landmarkData.json */; };
		A685378428C92B0900A933F9 /* Landmark.swift in Sources */ = {isa = PBXBuildFile; fileRef = A685378328C92B0900A933F9 /* Landmark.swift */; };
		A685378628C92C4F00A933F9 /* ModelData.swift in Sources */ = {isa = PBXBuildFile; fileRef = A685378528C92C4F00A933F9 /* ModelData.swift */; };
		A685378D28C93BA400A933F9 /* LandmarkList.swift in Sources */ = {isa = PBXBuildFile; fileRef = A685378C28C93BA400A933F9 /* LandmarkList.swift */; };
		A685378F28C93DCC00A933F9 /* LandmarkDetail.swift in Sources */ = {isa = PBXBuildFile; fileRef = A685378E28C93DCC00A933F9 /* LandmarkDetail.swift */; };
		A6DB3A1D28CC241800BFD693 /* LandmarkRow.swift in Sources */ = {isa = PBXBuildFile; fileRef = A6DB3A1C28CC241800BFD693 /* LandmarkRow.swift */; };
		A6DB3A1F28CC26DB00BFD693 /* FavoriteButton.swift in Sources */ = {isa = PBXBuildFile; fileRef = A6DB3A1E28CC26DB00BFD693 /* FavoriteButton.swift */; };
		A6E10ADF2895C39B009F0D2D /* landmarksApp.swift in Sources */ = {isa = PBXBuildFile; fileRef = A6E10ADE2895C39B009F0D2D /* landmarksApp.swift */; };
		A6E10AE12895C39B009F0D2D /* ContentView.swift in Sources */ = {isa = PBXBuildFile; fileRef = A6E10AE02895C39B009F0D2D /* ContentView.swift */; };
		A6E10AE32895C39C009F0D2D /* Assets.xcassets in Resources */ = {isa = PBXBuildFile; fileRef = A6E10AE22895C39C009F0D2D /* Assets.xcassets */; };
		A6E10AE62895C39C009F0D2D /* Preview Assets.xcassets in Resources */ = {isa = PBXBuildFile; fileRef = A6E10AE52895C39C009F0D2D /* Preview Assets.xcassets */; };
		A6E10AED2895CAEE009F0D2D /* CircleImage.swift in Sources */ = {isa = PBXBuildFile; fileRef = A6E10AEC2895CAEE009F0D2D /* CircleImage.swift */; };
		A6E10AEF2895CC8D009F0D2D /* MapView.swift in Sources */ = {isa = PBXBuildFile; fileRef = A6E10AEE2895CC8D009F0D2D /* MapView.swift */; };
/* End PBXBuildFile section */

/* Begin PBXFileReference section */
		A685378128C92ADA00A933F9 /* landmarkData.json */ = {isa = PBXFileReference; fileEncoding = 4; lastKnownFileType = text.json; path = landmarkData.json; sourceTree = "<group>"; };
		A685378328C92B0900A933F9 /* Landmark.swift */ = {isa = PBXFileReference; lastKnownFileType = sourcecode.swift; path = Landmark.swift; sourceTree = "<group>"; };
		A685378528C92C4F00A933F9 /* ModelData.swift */ = {isa = PBXFileReference; lastKnownFileType = sourcecode.swift; path = ModelData.swift; sourceTree = "<group>"; };
		A685378C28C93BA400A933F9 /* LandmarkList.swift */ = {isa = PBXFileReference; lastKnownFileType = sourcecode.swift; path = LandmarkList.swift; sourceTree = "<group>"; };
		A685378E28C93DCC00A933F9 /* LandmarkDetail.swift */ = {isa = PBXFileReference; lastKnownFileType = sourcecode.swift; path = LandmarkDetail.swift; sourceTree = "<group>"; };
		A6DB3A1C28CC241800BFD693 /* LandmarkRow.swift */ = {isa = PBXFileReference; lastKnownFileType = sourcecode.swift; path = LandmarkRow.swift; sourceTree = "<group>"; };
		A6DB3A1E28CC26DB00BFD693 /* FavoriteButton.swift */ = {isa = PBXFileReference; lastKnownFileType = sourcecode.swift; path = FavoriteButton.swift; sourceTree = "<group>"; };
		A6E10ADB2895C39B009F0D2D /* landmarks.app */ = {isa = PBXFileReference; explicitFileType = wrapper.application; includeInIndex = 0; path = landmarks.app; sourceTree = BUILT_PRODUCTS_DIR; };
		A6E10ADE2895C39B009F0D2D /* landmarksApp.swift */ = {isa = PBXFileReference; lastKnownFileType = sourcecode.swift; path = landmarksApp.swift; sourceTree = "<group>"; };
		A6E10AE02895C39B009F0D2D /* ContentView.swift */ = {isa = PBXFileReference; lastKnownFileType = sourcecode.swift; path = ContentView.swift; sourceTree = "<group>"; };
		A6E10AE22895C39C009F0D2D /* Assets.xcassets */ = {isa = PBXFileReference; lastKnownFileType = folder.assetcatalog; path = Assets.xcassets; sourceTree = "<group>"; };
		A6E10AE52895C39C009F0D2D /* Preview Assets.xcassets */ = {isa = PBXFileReference; lastKnownFileType = folder.assetcatalog; path = "Preview Assets.xcassets"; sourceTree = "<group>"; };
		A6E10AEC2895CAEE009F0D2D /* CircleImage.swift */ = {isa = PBXFileReference; lastKnownFileType = sourcecode.swift; path = CircleImage.swift; sourceTree = "<group>"; };
		A6E10AEE2895CC8D009F0D2D /* MapView.swift */ = {isa = PBXFileReference; lastKnownFileType = sourcecode.swift; path = MapView.swift; sourceTree = "<group>"; };
/* End PBXFileReference section */

/* Begin PBXFrameworksBuildPhase section */
		A6E10AD82895C39B009F0D2D /* Frameworks */ = {
			isa = PBXFrameworksBuildPhase;
			buildActionMask = 2147483647;
			files = (
			);
			runOnlyForDeploymentPostprocessing = 0;
		};
/* End PBXFrameworksBuildPhase section */

/* Begin PBXGroup section */
		A685378728C92D7800A933F9 /* Views */ = {
			isa = PBXGroup;
			children = (
				A6DB3A2228CC2A1300BFD693 /* Helpers */,
				A6DB3A2128CC29F100BFD693 /* Landmark */,
				A6E10AE02895C39B009F0D2D /* ContentView.swift */,
			);
			path = Views;
			sourceTree = "<group>";
		};
		A685378828C92D8C00A933F9 /* Model */ = {
			isa = PBXGroup;
			children = (
				A685378328C92B0900A933F9 /* Landmark.swift */,
				A685378528C92C4F00A933F9 /* ModelData.swift */,
			);
			path = Model;
			sourceTree = "<group>";
		};
		A685378928C92D9B00A933F9 /* Resources */ = {
			isa = PBXGroup;
			children = (
				A685378128C92ADA00A933F9 /* landmarkData.json */,
			);
			path = Resources;
			sourceTree = "<group>";
		};
		A6DB3A2128CC29F100BFD693 /* Landmark */ = {
			isa = PBXGroup;
			children = (
				A685378C28C93BA400A933F9 /* LandmarkList.swift */,
				A685378E28C93DCC00A933F9 /* LandmarkDetail.swift */,
				A6DB3A1C28CC241800BFD693 /* LandmarkRow.swift */,
			);
			path = Landmark;
			sourceTree = "<group>";
		};
		A6DB3A2228CC2A1300BFD693 /* Helpers */ = {
			isa = PBXGroup;
			children = (
				A6DB3A1E28CC26DB00BFD693 /* FavoriteButton.swift */,
				A6E10AEC2895CAEE009F0D2D /* CircleImage.swift */,
				A6E10AEE2895CC8D009F0D2D /* MapView.swift */,
			);
			path = Helpers;
			sourceTree = "<group>";
		};
		A6E10AD22895C39B009F0D2D = {
			isa = PBXGroup;
			children = (
				A6E10ADD2895C39B009F0D2D /* landmarks */,
				A6E10ADC2895C39B009F0D2D /* Products */,
			);
			sourceTree = "<group>";
		};
		A6E10ADC2895C39B009F0D2D /* Products */ = {
			isa = PBXGroup;
			children = (
				A6E10ADB2895C39B009F0D2D /* landmarks.app */,
			);
			name = Products;
			sourceTree = "<group>";
		};
		A6E10ADD2895C39B009F0D2D /* landmarks */ = {
			isa = PBXGroup;
			children = (
				A685378928C92D9B00A933F9 /* Resources */,
				A685378828C92D8C00A933F9 /* Model */,
				A685378728C92D7800A933F9 /* Views */,
				A6E10ADE2895C39B009F0D2D /* landmarksApp.swift */,
				A6E10AE22895C39C009F0D2D /* Assets.xcassets */,
				A6E10AE42895C39C009F0D2D /* Preview Content */,
			);
			path = landmarks;
			sourceTree = "<group>";
		};
		A6E10AE42895C39C009F0D2D /* Preview Content */ = {
			isa = PBXGroup;
			children = (
				A6E10AE52895C39C009F0D2D /* Preview Assets.xcassets */,
			);
			path = "Preview Content";
			sourceTree = "<group>";
		};
/* End PBXGroup section */

/* Begin PBXNativeTarget section */
		A6E10ADA2895C39B009F0D2D /* landmarks */ = {
			isa = PBXNativeTarget;
			buildConfigurationList = A6E10AE92895C39C009F0D2D /* Build configuration list for PBXNativeTarget "landmarks" */;
			buildPhases = (
				A6E10AD72895C39B009F0D2D /* Sources */,
				A6E10AD82895C39B009F0D2D /* Frameworks */,
				A6E10AD92895C39B009F0D2D /* Resources */,
			);
			buildRules = (
			);
			dependencies = (
			);
			name = landmarks;
			productName = landmarks;
			productReference = A6E10ADB2895C39B009F0D2D /* landmarks.app */;
			productType = "com.apple.product-type.application";
		};
/* End PBXNativeTarget section */

/* Begin PBXProject section */
		A6E10AD32895C39B009F0D2D /* Project object */ = {
			isa = PBXProject;
			attributes = {
				BuildIndependentTargetsInParallel = 1;
				LastSwiftUpdateCheck = 1340;
				LastUpgradeCheck = 1340;
				TargetAttributes = {
					A6E10ADA2895C39B009F0D2D = {
						CreatedOnToolsVersion = 13.4.1;
					};
				};
			};
			buildConfigurationList = A6E10AD62895C39B009F0D2D /* Build configuration list for PBXProject "landmarks" */;
			compatibilityVersion = "Xcode 13.0";
			developmentRegion = en;
			hasScannedForEncodings = 0;
			knownRegions = (
				en,
				Base,
			);
			mainGroup = A6E10AD22895C39B009F0D2D;
			productRefGroup = A6E10ADC2895C39B009F0D2D /* Products */;
			projectDirPath = "";
			projectRoot = "";
			targets = (
				A6E10ADA2895C39B009F0D2D /* landmarks */,
			);
		};
/* End PBXProject section */

/* Begin PBXResourcesBuildPhase section */
		A6E10AD92895C39B009F0D2D /* Resources */ = {
			isa = PBXResourcesBuildPhase;
			buildActionMask = 2147483647;
			files = (
				A6E10AE62895C39C009F0D2D /* Preview Assets.xcassets in Resources */,
				A6E10AE32895C39C009F0D2D /* Assets.xcassets in Resources */,
				A685378228C92ADA00A933F9 /* landmarkData.json in Resources */,
			);
			runOnlyForDeploymentPostprocessing = 0;
		};
/* End PBXResourcesBuildPhase section */

/* Begin PBXSourcesBuildPhase section */
		A6E10AD72895C39B009F0D2D /* Sources */ = {
			isa = PBXSourcesBuildPhase;
			buildActionMask = 2147483647;
			files = (
				A6E10AE12895C39B009F0D2D /* ContentView.swift in Sources */,
				A6E10AEF2895CC8D009F0D2D /* MapView.swift in Sources */,
				A6E10ADF2895C39B009F0D2D /* landmarksApp.swift in Sources */,
				A6DB3A1F28CC26DB00BFD693 /* FavoriteButton.swift in Sources */,
				A685378D28C93BA400A933F9 /* LandmarkList.swift in Sources */,
				A6E10AED2895CAEE009F0D2D /* CircleImage.swift in Sources */,
				A685378428C92B0900A933F9 /* Landmark.swift in Sources */,
				A685378628C92C4F00A933F9 /* ModelData.swift in Sources */,
				A685378F28C93DCC00A933F9 /* LandmarkDetail.swift in Sources */,
				A6DB3A1D28CC241800BFD693 /* LandmarkRow.swift in Sources */,
			);
			runOnlyForDeploymentPostprocessing = 0;
		};
/* End PBXSourcesBuildPhase section */

/* Begin XCBuildConfiguration section */
		A6E10AE72895C39C009F0D2D /* Debug */ = {
			isa = XCBuildConfiguration;
			buildSettings = {
				ALWAYS_SEARCH_USER_PATHS = NO;
				CLANG_ANALYZER_NONNULL = YES;
				CLANG_ANALYZER_NUMBER_OBJECT_CONVERSION = YES_AGGRESSIVE;
				CLANG_CXX_LANGUAGE_STANDARD = "gnu++17";
				CLANG_ENABLE_MODULES = YES;
				CLANG_ENABLE_OBJC_ARC = YES;
				CLANG_ENABLE_OBJC_WEAK = YES;
				CLANG_WARN_BLOCK_CAPTURE_AUTORELEASING = YES;
				CLANG_WARN_BOOL_CONVERSION = YES;
				CLANG_WARN_COMMA = YES;
				CLANG_WARN_CONSTANT_CONVERSION = YES;
				CLANG_WARN_DEPRECATED_OBJC_IMPLEMENTATIONS = YES;
				CLANG_WARN_DIRECT_OBJC_ISA_USAGE = YES_ERROR;
				CLANG_WARN_DOCUMENTATION_COMMENTS = YES;
				CLANG_WARN_EMPTY_BODY = YES;
				CLANG_WARN_ENUM_CONVERSION = YES;
				CLANG_WARN_INFINITE_RECURSION = YES;
				CLANG_WARN_INT_CONVERSION = YES;
				CLANG_WARN_NON_LITERAL_NULL_CONVERSION = YES;
				CLANG_WARN_OBJC_IMPLICIT_RETAIN_SELF = YES;
				CLANG_WARN_OBJC_LITERAL_CONVERSION = YES;
				CLANG_WARN_OBJC_ROOT_CLASS = YES_ERROR;
				CLANG_WARN_QUOTED_INCLUDE_IN_FRAMEWORK_HEADER = YES;
				CLANG_WARN_RANGE_LOOP_ANALYSIS = YES;
				CLANG_WARN_STRICT_PROTOTYPES = YES;
				CLANG_WARN_SUSPICIOUS_MOVE = YES;
				CLANG_WARN_UNGUARDED_AVAILABILITY = YES_AGGRESSIVE;
				CLANG_WARN_UNREACHABLE_CODE = YES;
				CLANG_WARN__DUPLICATE_METHOD_MATCH = YES;
				COPY_PHASE_STRIP = NO;
				DEBUG_INFORMATION_FORMAT = dwarf;
				ENABLE_STRICT_OBJC_MSGSEND = YES;
				ENABLE_TESTABILITY = YES;
				GCC_C_LANGUAGE_STANDARD = gnu11;
				GCC_DYNAMIC_NO_PIC = NO;
				GCC_NO_COMMON_BLOCKS = YES;
				GCC_OPTIMIZATION_LEVEL = 0;
				GCC_PREPROCESSOR_DEFINITIONS = (
					"DEBUG=1",
					"$(inherited)",
				);
				GCC_WARN_64_TO_32_BIT_CONVERSION = YES;
				GCC_WARN_ABOUT_RETURN_TYPE = YES_ERROR;
				GCC_WARN_UNDECLARED_SELECTOR = YES;
				GCC_WARN_UNINITIALIZED_AUTOS = YES_AGGRESSIVE;
				GCC_WARN_UNUSED_FUNCTION = YES;
				GCC_WARN_UNUSED_VARIABLE = YES;
				IPHONEOS_DEPLOYMENT_TARGET = 15.5;
				MTL_ENABLE_DEBUG_INFO = INCLUDE_SOURCE;
				MTL_FAST_MATH = YES;
				ONLY_ACTIVE_ARCH = YES;
				SDKROOT = iphoneos;
				SWIFT_ACTIVE_COMPILATION_CONDITIONS = DEBUG;
				SWIFT_OPTIMIZATION_LEVEL = "-Onone";
			};
			name = Debug;
		};
		A6E10AE82895C39C009F0D2D /* Release */ = {
			isa = XCBuildConfiguration;
			buildSettings = {
				ALWAYS_SEARCH_USER_PATHS = NO;
				CLANG_ANALYZER_NONNULL = YES;
				CLANG_ANALYZER_NUMBER_OBJECT_CONVERSION = YES_AGGRESSIVE;
				CLANG_CXX_LANGUAGE_STANDARD = "gnu++17";
				CLANG_ENABLE_MODULES = YES;
				CLANG_ENABLE_OBJC_ARC = YES;
				CLANG_ENABLE_OBJC_WEAK = YES;
				CLANG_WARN_BLOCK_CAPTURE_AUTORELEASING = YES;
				CLANG_WARN_BOOL_CONVERSION = YES;
				CLANG_WARN_COMMA = YES;
				CLANG_WARN_CONSTANT_CONVERSION = YES;
				CLANG_WARN_DEPRECATED_OBJC_IMPLEMENTATIONS = YES;
				CLANG_WARN_DIRECT_OBJC_ISA_USAGE = YES_ERROR;
				CLANG_WARN_DOCUMENTATION_COMMENTS = YES;
				CLANG_WARN_EMPTY_BODY = YES;
				CLANG_WARN_ENUM_CONVERSION = YES;
				CLANG_WARN_INFINITE_RECURSION = YES;
				CLANG_WARN_INT_CONVERSION = YES;
				CLANG_WARN_NON_LITERAL_NULL_CONVERSION = YES;
				CLANG_WARN_OBJC_IMPLICIT_RETAIN_SELF = YES;
				CLANG_WARN_OBJC_LITERAL_CONVERSION = YES;
				CLANG_WARN_OBJC_ROOT_CLASS = YES_ERROR;
				CLANG_WARN_QUOTED_INCLUDE_IN_FRAMEWORK_HEADER = YES;
				CLANG_WARN_RANGE_LOOP_ANALYSIS = YES;
				CLANG_WARN_STRICT_PROTOTYPES = YES;
				CLANG_WARN_SUSPICIOUS_MOVE = YES;
				CLANG_WARN_UNGUARDED_AVAILABILITY = YES_AGGRESSIVE;
				CLANG_WARN_UNREACHABLE_CODE = YES;
				CLANG_WARN__DUPLICATE_METHOD_MATCH = YES;
				COPY_PHASE_STRIP = NO;
				DEBUG_INFORMATION_FORMAT = "dwarf-with-dsym";
				ENABLE_NS_ASSERTIONS = NO;
				ENABLE_STRICT_OBJC_MSGSEND = YES;
				GCC_C_LANGUAGE_STANDARD = gnu11;
				GCC_NO_COMMON_BLOCKS = YES;
				GCC_WARN_64_TO_32_BIT_CONVERSION = YES;
				GCC_WARN_ABOUT_RETURN_TYPE = YES_ERROR;
				GCC_WARN_UNDECLARED_SELECTOR = YES;
				GCC_WARN_UNINITIALIZED_AUTOS = YES_AGGRESSIVE;
				GCC_WARN_UNUSED_FUNCTION = YES;
				GCC_WARN_UNUSED_VARIABLE = YES;
				IPHONEOS_DEPLOYMENT_TARGET = 15.5;
				MTL_ENABLE_DEBUG_INFO = NO;
				MTL_FAST_MATH = YES;
				SDKROOT = iphoneos;
				SWIFT_COMPILATION_MODE = wholemodule;
				SWIFT_OPTIMIZATION_LEVEL = "-O";
				VALIDATE_PRODUCT = YES;
			};
			name = Release;
		};
		A6E10AEA2895C39C009F0D2D /* Debug */ = {
			isa = XCBuildConfiguration;
			buildSettings = {
				ASSETCATALOG_COMPILER_APPICON_NAME = AppIcon;
				ASSETCATALOG_COMPILER_GLOBAL_ACCENT_COLOR_NAME = AccentColor;
				CODE_SIGN_STYLE = Automatic;
				CURRENT_PROJECT_VERSION = 1;
				DEVELOPMENT_ASSET_PATHS = "\"landmarks/Preview Content\"";
				DEVELOPMENT_TEAM = 827UMZ89C2;
				ENABLE_PREVIEWS = YES;
				GENERATE_INFOPLIST_FILE = YES;
				INFOPLIST_KEY_UIApplicationSceneManifest_Generation = YES;
				INFOPLIST_KEY_UIApplicationSupportsIndirectInputEvents = YES;
				INFOPLIST_KEY_UILaunchScreen_Generation = YES;
				INFOPLIST_KEY_UISupportedInterfaceOrientations_iPad = "UIInterfaceOrientationPortrait UIInterfaceOrientationPortraitUpsideDown UIInterfaceOrientationLandscapeLeft UIInterfaceOrientationLandscapeRight";
				INFOPLIST_KEY_UISupportedInterfaceOrientations_iPhone = "UIInterfaceOrientationPortrait UIInterfaceOrientationLandscapeLeft UIInterfaceOrientationLandscapeRight";
				LD_RUNPATH_SEARCH_PATHS = (
					"$(inherited)",
					"@executable_path/Frameworks",
				);
				MARKETING_VERSION = 1.0;
				PRODUCT_BUNDLE_IDENTIFIER = "giovani-farias.landmarks";
				PRODUCT_NAME = "$(TARGET_NAME)";
				SWIFT_EMIT_LOC_STRINGS = YES;
				SWIFT_VERSION = 5.0;
				TARGETED_DEVICE_FAMILY = "1,2";
			};
			name = Debug;
		};
		A6E10AEB2895C39C009F0D2D /* Release */ = {
			isa = XCBuildConfiguration;
			buildSettings = {
				ASSETCATALOG_COMPILER_APPICON_NAME = AppIcon;
				ASSETCATALOG_COMPILER_GLOBAL_ACCENT_COLOR_NAME = AccentColor;
				CODE_SIGN_STYLE = Automatic;
				CURRENT_PROJECT_VERSION = 1;
				DEVELOPMENT_ASSET_PATHS = "\"landmarks/Preview Content\"";
				DEVELOPMENT_TEAM = 827UMZ89C2;
				ENABLE_PREVIEWS = YES;
				GENERATE_INFOPLIST_FILE = YES;
				INFOPLIST_KEY_UIApplicationSceneManifest_Generation = YES;
				INFOPLIST_KEY_UIApplicationSupportsIndirectInputEvents = YES;
				INFOPLIST_KEY_UILaunchScreen_Generation = YES;
				INFOPLIST_KEY_UISupportedInterfaceOrientations_iPad = "UIInterfaceOrientationPortrait UIInterfaceOrientationPortraitUpsideDown UIInterfaceOrientationLandscapeLeft UIInterfaceOrientationLandscapeRight";
				INFOPLIST_KEY_UISupportedInterfaceOrientations_iPhone = "UIInterfaceOrientationPortrait UIInterfaceOrientationLandscapeLeft UIInterfaceOrientationLandscapeRight";
				LD_RUNPATH_SEARCH_PATHS = (
					"$(inherited)",
					"@executable_path/Frameworks",
				);
				MARKETING_VERSION = 1.0;
				PRODUCT_BUNDLE_IDENTIFIER = "giovani-farias.landmarks";
				PRODUCT_NAME = "$(TARGET_NAME)";
				SWIFT_EMIT_LOC_STRINGS = YES;
				SWIFT_VERSION = 5.0;
				TARGETED_DEVICE_FAMILY = "1,2";
			};
			name = Release;
		};
/* End XCBuildConfiguration section */

/* Begin XCConfigurationList section */
		A6E10AD62895C39B009F0D2D /* Build configuration list for PBXProject "landmarks" */ = {
			isa = XCConfigurationList;
			buildConfigurations = (
				A6E10AE72895C39C009F0D2D /* Debug */,
				A6E10AE82895C39C009F0D2D /* Release */,
			);
			defaultConfigurationIsVisible = 0;
			defaultConfigurationName = Release;
		};
		A6E10AE92895C39C009F0D2D /* Build configuration list for PBXNativeTarget "landmarks" */ = {
			isa = XCConfigurationList;
			buildConfigurations = (
				A6E10AEA2895C39C009F0D2D /* Debug */,
				A6E10AEB2895C39C009F0D2D /* Release */,
			);
			defaultConfigurationIsVisible = 0;
			defaultConfigurationName = Release;
		};
/* End XCConfigurationList section */
	};
	rootObject = A6E10AD32895C39B009F0D2D /* Project object */;
}
